
Microsoft Visual Studio Solution File, Format Version 12.00
# Visual Studio Version 17
VisualStudioVersion = 17.9.34622.214
MinimumVisualStudioVersion = 10.0.40219.1
Project("{FAE04EC0-301F-11D3-BF4B-00C04F79EFBC}") = "PRELIM_LAB3_31A2_RAYMOND_PEDRIÑA", "PRELIM_LAB3_31A2_RAYMOND_PEDRIÑA\PRELIM_LAB3_31A2_RAYMOND_PEDRIÑA.csproj", "{DBD4CBF4-A98C-4357-9091-657CCAE7DB95}"
EndProject
Global
	GlobalSection(SolutionConfigurationPlatforms) = preSolution
		Debug|Any CPU = Debug|Any CPU
		Release|Any CPU = Release|Any CPU
	EndGlobalSection
	GlobalSection(ProjectConfigurationPlatforms) = postSolution
		{DBD4CBF4-A98C-4357-9091-657CCAE7DB95}.Debug|Any CPU.ActiveCfg = Debug|Any CPU
		{DBD4CBF4-A98C-4357-9091-657CCAE7DB95}.Debug|Any CPU.Build.0 = Debug|Any CPU
		{DBD4CBF4-A98C-4357-9091-657CCAE7DB95}.Release|Any CPU.ActiveCfg = Release|Any CPU
		{DBD4CBF4-A98C-4357-9091-657CCAE7DB95}.Release|Any CPU.Build.0 = Release|Any CPU
	EndGlobalSection
	GlobalSection(SolutionProperties) = preSolution
		HideSolutionNode = FALSE
	EndGlobalSection
	GlobalSection(ExtensibilityGlobals) = postSolution
		SolutionGuid = {59CA1657-589C-44B4-A3BB-48AB2A0EDC2F}
	EndGlobalSection
EndGlobal
